
Microsoft Visual Studio Solution File, Format Version 11.00
# Visual Studio 2010
Project("{8BC9CEB8-8B4A-11D0-8D11-00A0C91BC942}") = "RiskPaths", "RiskPaths.vcxproj", "{681EE812-16B4-4961-A7C9-AEAB3C0DC689}"
EndProject
Global
	GlobalSection(SolutionConfigurationPlatforms) = preSolution
		Debug|Win32 = Debug|Win32
		Release|Win32 = Release|Win32
	EndGlobalSection
	GlobalSection(ProjectConfigurationPlatforms) = postSolution
		{681EE812-16B4-4961-A7C9-AEAB3C0DC689}.Debug|Win32.ActiveCfg = Debug|Win32
		{681EE812-16B4-4961-A7C9-AEAB3C0DC689}.Debug|Win32.Build.0 = Debug|Win32
		{681EE812-16B4-4961-A7C9-AEAB3C0DC689}.Release|Win32.ActiveCfg = Release|Win32
		{681EE812-16B4-4961-A7C9-AEAB3C0DC689}.Release|Win32.Build.0 = Release|Win32
	EndGlobalSection
	GlobalSection(SolutionProperties) = preSolution
		HideSolutionNode = FALSE
	EndGlobalSection
EndGlobal
