<?xml version="1.0" encoding="utf-8"?>
<Project ToolsVersion="4.0" xmlns="http://schemas.microsoft.com/developer/msbuild/2003">
  <ItemGroup>
    <Filter Include="Source Files">
      <UniqueIdentifier>{4FC737F1-C7A5-4376-A066-2A32D752A2FF}</UniqueIdentifier>
      <Extensions>cpp;c;cc;cxx;def;odl;idl;hpj;bat;asm;asmx</Extensions>
    </Filter>
    <Filter Include="Header Files">
      <UniqueIdentifier>{93995380-89BD-4b04-88EB-625FBE52EBFB}</UniqueIdentifier>
      <Extensions>h;hpp;hxx;hm;inl;inc;xsd</Extensions>
    </Filter>
    <Filter Include="Resource Files">
      <UniqueIdentifier>{67DA6AB6-F800-4c08-8B7A-83BB121AAD01}</UniqueIdentifier>
      <Extensions>rc;ico;cur;bmp;dlg;rc2;rct;bin;rgs;gif;jpg;jpeg;jpe;resx;tiff;tif;png;wav;mfcribbon-ms</Extensions>
    </Filter>
    <Filter Include="Header Files\libopenm">
      <UniqueIdentifier>{ec257c89-3a4c-4cea-a585-beec1acc6980}</UniqueIdentifier>
    </Filter>
    <Filter Include="Header Files\libopenm\db">
      <UniqueIdentifier>{d09c849d-516a-49c7-abf5-6e35b468fa88}</UniqueIdentifier>
    </Filter>
    <Filter Include="flex_bison">
      <UniqueIdentifier>{fd7aac60-d94a-4034-8148-dde46d2f13cd}</UniqueIdentifier>
    </Filter>
  </ItemGroup>
  <ItemGroup>
    <ClInclude Include="ast.h">
      <Filter>Header Files</Filter>
    </ClInclude>
    <ClInclude Include="CodeBlock.h">
      <Filter>Header Files</Filter>
    </ClInclude>
    <ClInclude Include="CodeGen.h">
      <Filter>Header Files</Filter>
    </ClInclude>
    <ClInclude Include="Driver.h">
      <Filter>Header Files</Filter>
    </ClInclude>
    <ClInclude Include="ExprForTable.h">
      <Filter>Header Files</Filter>
    </ClInclude>
    <ClInclude Include="Literal.h">
      <Filter>Header Files</Filter>
    </ClInclude>
    <ClInclude Include="ParseContext.h">
      <Filter>Header Files</Filter>
    </ClInclude>
    <ClInclude Include="Symbol.h">
      <Filter>Header Files</Filter>
    </ClInclude>
    <ClInclude Include="..\include\libopenm\omCommon.h">
      <Filter>Header Files\libopenm</Filter>
    </ClInclude>
    <ClInclude Include="..\include\libopenm\db\metaModelHolder.h">
      <Filter>Header Files\libopenm\db</Filter>
    </ClInclude>
    <ClInclude Include="..\include\libopenm\db\modelBuilder.h">
      <Filter>Header Files\libopenm\db</Filter>
    </ClInclude>
    <ClInclude Include="scanner.l">
      <Filter>flex_bison</Filter>
    </ClInclude>
    <ClInclude Include="parser.y">
      <Filter>flex_bison</Filter>
    </ClInclude>
    <ClInclude Include="dirent\dirent.h">
      <Filter>Header Files</Filter>
    </ClInclude>
    <ClInclude Include="AgentSymbol.h">
      <Filter>Header Files</Filter>
    </ClInclude>
    <ClInclude Include="AgentMemberSymbol.h">
      <Filter>Header Files</Filter>
    </ClInclude>
    <ClInclude Include="TableSymbol.h">
      <Filter>Header Files</Filter>
    </ClInclude>
    <ClInclude Include="TableAccumulatorSymbol.h">
      <Filter>Header Files</Filter>
    </ClInclude>
    <ClInclude Include="TableAnalysisAgentVarSymbol.h">
      <Filter>Header Files</Filter>
    </ClInclude>
    <ClInclude Include="TableExpressionSymbol.h">
      <Filter>Header Files</Filter>
    </ClInclude>
    <ClInclude Include="AgentDataMemberSymbol.h">
      <Filter>Header Files</Filter>
    </ClInclude>
    <ClInclude Include="AgentEventSymbol.h">
      <Filter>Header Files</Filter>
    </ClInclude>
    <ClInclude Include="AgentFuncSymbol.h">
      <Filter>Header Files</Filter>
    </ClInclude>
    <ClInclude Include="AgentInternalSymbol.h">
      <Filter>Header Files</Filter>
    </ClInclude>
    <ClInclude Include="AgentVarSymbol.h">
      <Filter>Header Files</Filter>
    </ClInclude>
    <ClInclude Include="BuiltinAgentVarSymbol.h">
      <Filter>Header Files</Filter>
    </ClInclude>
    <ClInclude Include="ConditionedDurationAgentVarSymbol.h">
      <Filter>Header Files</Filter>
    </ClInclude>
    <ClInclude Include="DurationAgentVarSymbol.h">
      <Filter>Header Files</Filter>
    </ClInclude>
    <ClInclude Include="SimpleAgentVarSymbol.h">
      <Filter>Header Files</Filter>
    </ClInclude>
    <ClInclude Include="LanguageSymbol.h">
      <Filter>Header Files</Filter>
    </ClInclude>
    <ClInclude Include="ModelSymbol.h">
      <Filter>Header Files</Filter>
    </ClInclude>
    <ClInclude Include="ModuleSymbol.h">
      <Filter>Header Files</Filter>
    </ClInclude>
    <ClInclude Include="VersionSymbol.h">
      <Filter>Header Files</Filter>
    </ClInclude>
    <ClInclude Include="ParameterSymbol.h">
      <Filter>Header Files</Filter>
    </ClInclude>
    <ClInclude Include="ModelTypeSymbol.h">
      <Filter>Header Files</Filter>
    </ClInclude>
    <ClInclude Include="TypeSymbol.h">
      <Filter>Header Files</Filter>
    </ClInclude>
    <ClInclude Include="ClassificationSymbol.h">
      <Filter>Header Files</Filter>
    </ClInclude>
    <ClInclude Include="EnumeratorSymbol.h">
      <Filter>Header Files</Filter>
    </ClInclude>
    <ClInclude Include="PartitionSymbol.h">
      <Filter>Header Files</Filter>
    </ClInclude>
    <ClInclude Include="PartitionEnumeratorSymbol.h">
      <Filter>Header Files</Filter>
    </ClInclude>
    <ClInclude Include="RangeSymbol.h">
      <Filter>Header Files</Filter>
    </ClInclude>
    <ClInclude Include="RangeEnumeratorSymbol.h">
      <Filter>Header Files</Filter>
    </ClInclude>
    <ClInclude Include="BoolEnumeratorSymbol.h">
      <Filter>Header Files</Filter>
    </ClInclude>
    <ClInclude Include="BoolSymbol.h">
      <Filter>Header Files</Filter>
    </ClInclude>
    <ClInclude Include="EnumerationSymbol.h">
      <Filter>Header Files</Filter>
    </ClInclude>
    <ClInclude Include="RealSymbol.h">
      <Filter>Header Files</Filter>
    </ClInclude>
    <ClInclude Include="TimeSymbol.h">
      <Filter>Header Files</Filter>
    </ClInclude>
    <ClInclude Include="NumericSymbol.h">
      <Filter>Header Files</Filter>
    </ClInclude>
    <ClInclude Include="ExprForAgentVar.h">
      <Filter>Header Files</Filter>
    </ClInclude>
    <ClInclude Include="IdentityAgentVarSymbol.h">
      <Filter>Header Files</Filter>
    </ClInclude>
    <ClInclude Include="LinkAgentVarSymbol.h">
      <Filter>Header Files</Filter>
    </ClInclude>
    <ClInclude Include="TypeOfLinkSymbol.h">
      <Filter>Header Files</Filter>
    </ClInclude>
  </ItemGroup>
  <ItemGroup>
    <ClCompile Include="CodeGen.cpp">
      <Filter>Source Files</Filter>
    </ClCompile>
    <ClCompile Include="Driver.cpp">
      <Filter>Source Files</Filter>
    </ClCompile>
    <ClCompile Include="omc.cpp">
      <Filter>Source Files</Filter>
    </ClCompile>
    <ClCompile Include="Symbol.cpp">
      <Filter>Source Files</Filter>
    </ClCompile>
    <ClCompile Include="AgentSymbol.cpp">
      <Filter>Source Files</Filter>
    </ClCompile>
    <ClCompile Include="AgentMemberSymbol.cpp">
      <Filter>Source Files</Filter>
    </ClCompile>
    <ClCompile Include="TableSymbol.cpp">
      <Filter>Source Files</Filter>
    </ClCompile>
    <ClCompile Include="TableAccumulatorSymbol.cpp">
      <Filter>Source Files</Filter>
    </ClCompile>
    <ClCompile Include="TableAnalysisAgentVarSymbol.cpp">
      <Filter>Source Files</Filter>
    </ClCompile>
    <ClCompile Include="TableExpressionSymbol.cpp">
      <Filter>Source Files</Filter>
    </ClCompile>
    <ClCompile Include="AgentEventSymbol.cpp">
      <Filter>Source Files</Filter>
    </ClCompile>
    <ClCompile Include="AgentDataMemberSymbol.cpp">
      <Filter>Source Files</Filter>
    </ClCompile>
    <ClCompile Include="AgentFuncSymbol.cpp">
      <Filter>Source Files</Filter>
    </ClCompile>
    <ClCompile Include="AgentInternalSymbol.cpp">
      <Filter>Source Files</Filter>
    </ClCompile>
    <ClCompile Include="AgentVarSymbol.cpp">
      <Filter>Source Files</Filter>
    </ClCompile>
    <ClCompile Include="BuiltinAgentVarSymbol.cpp">
      <Filter>Source Files</Filter>
    </ClCompile>
    <ClCompile Include="ConditionedDurationAgentVarSymbol.cpp">
      <Filter>Source Files</Filter>
    </ClCompile>
    <ClCompile Include="DurationAgentVarSymbol.cpp">
      <Filter>Source Files</Filter>
    </ClCompile>
    <ClCompile Include="SimpleAgentVarSymbol.cpp">
      <Filter>Source Files</Filter>
    </ClCompile>
    <ClCompile Include="ParameterSymbol.cpp">
      <Filter>Source Files</Filter>
    </ClCompile>
    <ClCompile Include="CodeBlock.cpp">
      <Filter>Source Files</Filter>
    </ClCompile>
    <ClCompile Include="ModelTypeSymbol.cpp">
      <Filter>Source Files</Filter>
    </ClCompile>
    <ClCompile Include="VersionSymbol.cpp">
      <Filter>Source Files</Filter>
    </ClCompile>
    <ClCompile Include="ModelSymbol.cpp">
      <Filter>Source Files</Filter>
    </ClCompile>
    <ClCompile Include="TypeSymbol.cpp">
      <Filter>Source Files</Filter>
    </ClCompile>
    <ClCompile Include="LanguageSymbol.cpp">
      <Filter>Source Files</Filter>
    </ClCompile>
    <ClCompile Include="HeaderCheck.cpp">
      <Filter>Source Files</Filter>
    </ClCompile>
    <ClCompile Include="EnumeratorSymbol.cpp">
      <Filter>Source Files</Filter>
    </ClCompile>
    <ClCompile Include="ClassificationSymbol.cpp">
      <Filter>Source Files</Filter>
    </ClCompile>
    <ClCompile Include="PartitionSymbol.cpp">
      <Filter>Source Files</Filter>
    </ClCompile>
    <ClCompile Include="RangeSymbol.cpp">
      <Filter>Source Files</Filter>
    </ClCompile>
    <ClCompile Include="BoolSymbol.cpp">
      <Filter>Source Files</Filter>
    </ClCompile>
    <ClCompile Include="EnumerationSymbol.cpp">
      <Filter>Source Files</Filter>
    </ClCompile>
    <ClCompile Include="RealSymbol.cpp">
      <Filter>Source Files</Filter>
    </ClCompile>
    <ClCompile Include="TimeSymbol.cpp">
      <Filter>Source Files</Filter>
    </ClCompile>
    <ClCompile Include="NumericSymbol.cpp">
      <Filter>Source Files</Filter>
    </ClCompile>
    <ClCompile Include="IdentityAgentVarSymbol.cpp">
      <Filter>Source Files</Filter>
    </ClCompile>
    <ClCompile Include="LinkAgentVarSymbol.cpp">
      <Filter>Source Files</Filter>
    </ClCompile>
    <ClCompile Include="TypeOfLinkSymbol.cpp">
      <Filter>Source Files</Filter>
    </ClCompile>
  </ItemGroup>
  <ItemGroup>
    <ClInclude Include="$(BUILD_OMC_SRC_DIR)/parser.hpp">
      <Filter>flex_bison</Filter>
    </ClInclude>
    <ClInclude Include="$(BUILD_OMC_SRC_DIR)/location.hh">
      <Filter>flex_bison</Filter>
    </ClInclude>
    <ClInclude Include="$(BUILD_OMC_SRC_DIR)/position.hh">
      <Filter>flex_bison</Filter>
    </ClInclude>
    <ClInclude Include="$(BUILD_OMC_SRC_DIR)/stack.hh">
      <Filter>flex_bison</Filter>
    </ClInclude>
  </ItemGroup>
  <ItemGroup>
    <ClCompile Include="$(BUILD_OMC_SRC_DIR)/parser.cpp">
      <Filter>flex_bison</Filter>
    </ClCompile>
    <ClCompile Include="$(BUILD_OMC_SRC_DIR)/scanner.cpp">
      <Filter>flex_bison</Filter>
    </ClCompile>
  </ItemGroup>
</Project>