<?xml version="1.0" encoding="utf-8"?>
<Project ToolsVersion="4.0" xmlns="http://schemas.microsoft.com/developer/msbuild/2003">
  <ItemGroup>
    <Filter Include="Source Files">
      <UniqueIdentifier>{4FC737F1-C7A5-4376-A066-2A32D752A2FF}</UniqueIdentifier>
      <Extensions>cpp;c;cc;cxx;def;odl;idl;hpj;bat;asm;asmx</Extensions>
    </Filter>
    <Filter Include="Header Files">
      <UniqueIdentifier>{93995380-89BD-4b04-88EB-625FBE52EBFB}</UniqueIdentifier>
      <Extensions>h;hpp;hxx;hm;inl;inc;xsd</Extensions>
    </Filter>
    <Filter Include="Resource Files">
      <UniqueIdentifier>{67DA6AB6-F800-4c08-8B7A-83BB121AAD01}</UniqueIdentifier>
      <Extensions>rc;ico;cur;bmp;dlg;rc2;rct;bin;rgs;gif;jpg;jpeg;jpe;resx;tiff;tif;png;wav;mfcribbon-ms</Extensions>
    </Filter>
    <Filter Include="Header Files\libopenm">
      <UniqueIdentifier>{ec257c89-3a4c-4cea-a585-beec1acc6980}</UniqueIdentifier>
    </Filter>
    <Filter Include="Header Files\libopenm\db">
      <UniqueIdentifier>{d09c849d-516a-49c7-abf5-6e35b468fa88}</UniqueIdentifier>
    </Filter>
    <Filter Include="flex_bison">
      <UniqueIdentifier>{fd7aac60-d94a-4034-8148-dde46d2f13cd}</UniqueIdentifier>
    </Filter>
  </ItemGroup>
  <ItemGroup>
    <ClInclude Include="ast.h">
      <Filter>Header Files</Filter>
    </ClInclude>
    <ClInclude Include="CodeBlock.h">
      <Filter>Header Files</Filter>
    </ClInclude>
    <ClInclude Include="CodeGen.h">
      <Filter>Header Files</Filter>
    </ClInclude>
    <ClInclude Include="Driver.h">
      <Filter>Header Files</Filter>
    </ClInclude>
    <ClInclude Include="ExprForTable.h">
      <Filter>Header Files</Filter>
    </ClInclude>
    <ClInclude Include="Literal.h">
      <Filter>Header Files</Filter>
    </ClInclude>
    <ClInclude Include="ParseContext.h">
      <Filter>Header Files</Filter>
    </ClInclude>
    <ClInclude Include="Symbol.h">
      <Filter>Header Files</Filter>
    </ClInclude>
    <ClInclude Include="$(OM_INC_DIR)/libopenm/omCommon.h">
      <Filter>Header Files\libopenm</Filter>
    </ClInclude>
    <ClInclude Include="$(OM_INC_DIR)/libopenm/db/metaModelHolder.h">
      <Filter>Header Files\libopenm\db</Filter>
    </ClInclude>
    <ClInclude Include="$(OM_INC_DIR)/libopenm/db/modelBuilder.h">
      <Filter>Header Files\libopenm\db</Filter>
    </ClInclude>
    <ClInclude Include="scanner.l">
      <Filter>flex_bison</Filter>
    </ClInclude>
    <ClInclude Include="parser.y">
      <Filter>flex_bison</Filter>
    </ClInclude>
    <ClInclude Include="dirent\dirent.h">
      <Filter>Header Files</Filter>
    </ClInclude>
    <ClInclude Include="LanguageSymbol.h">
      <Filter>Header Files</Filter>
    </ClInclude>
    <ClInclude Include="ModelSymbol.h">
      <Filter>Header Files</Filter>
    </ClInclude>
    <ClInclude Include="ModuleSymbol.h">
      <Filter>Header Files</Filter>
    </ClInclude>
    <ClInclude Include="VersionSymbol.h">
      <Filter>Header Files</Filter>
    </ClInclude>
    <ClInclude Include="ParameterSymbol.h">
      <Filter>Header Files</Filter>
    </ClInclude>
    <ClInclude Include="ModelTypeSymbol.h">
      <Filter>Header Files</Filter>
    </ClInclude>
    <ClInclude Include="TypeSymbol.h">
      <Filter>Header Files</Filter>
    </ClInclude>
    <ClInclude Include="ClassificationSymbol.h">
      <Filter>Header Files</Filter>
    </ClInclude>
    <ClInclude Include="EnumeratorSymbol.h">
      <Filter>Header Files</Filter>
    </ClInclude>
    <ClInclude Include="PartitionSymbol.h">
      <Filter>Header Files</Filter>
    </ClInclude>
    <ClInclude Include="PartitionEnumeratorSymbol.h">
      <Filter>Header Files</Filter>
    </ClInclude>
    <ClInclude Include="RangeSymbol.h">
      <Filter>Header Files</Filter>
    </ClInclude>
    <ClInclude Include="BoolEnumeratorSymbol.h">
      <Filter>Header Files</Filter>
    </ClInclude>
    <ClInclude Include="BoolSymbol.h">
      <Filter>Header Files</Filter>
    </ClInclude>
    <ClInclude Include="EnumerationSymbol.h">
      <Filter>Header Files</Filter>
    </ClInclude>
    <ClInclude Include="RealSymbol.h">
      <Filter>Header Files</Filter>
    </ClInclude>
    <ClInclude Include="TimeSymbol.h">
      <Filter>Header Files</Filter>
    </ClInclude>
    <ClInclude Include="NumericSymbol.h">
      <Filter>Header Files</Filter>
    </ClInclude>
    <ClInclude Include="TypeOfLinkSymbol.h">
      <Filter>Header Files</Filter>
    </ClInclude>
    <ClInclude Include="UnknownTypeSymbol.h">
      <Filter>Header Files</Filter>
    </ClInclude>
    <ClInclude Include="EnumerationWithEnumeratorsSymbol.h">
      <Filter>Header Files</Filter>
    </ClInclude>
    <ClInclude Include="StringSymbol.h">
      <Filter>Header Files</Filter>
    </ClInclude>
    <ClInclude Include="EntitySetSymbol.h">
      <Filter>Header Files</Filter>
    </ClInclude>
    <ClInclude Include="ConstantSymbol.h">
      <Filter>Header Files</Filter>
    </ClInclude>
    <ClInclude Include="GroupSymbol.h">
      <Filter>Header Files</Filter>
    </ClInclude>
    <ClInclude Include="ParameterGroupSymbol.h">
      <Filter>Header Files</Filter>
    </ClInclude>
    <ClInclude Include="TableGroupSymbol.h">
      <Filter>Header Files</Filter>
    </ClInclude>
    <ClInclude Include="HideGroupSymbol.h">
      <Filter>Header Files</Filter>
    </ClInclude>
    <ClInclude Include="DependencyGroupSymbol.h">
      <Filter>Header Files</Filter>
    </ClInclude>
    <ClInclude Include="GlobalFuncSymbol.h">
      <Filter>Header Files</Filter>
    </ClInclude>
    <ClInclude Include="Constant.h">
      <Filter>Header Files</Filter>
    </ClInclude>
    <ClInclude Include="AggregationSymbol.h">
      <Filter>Header Files</Filter>
    </ClInclude>
    <ClInclude Include="DimensionSymbol.h">
      <Filter>Header Files</Filter>
    </ClInclude>
    <ClInclude Include="DerivedTableSymbol.h">
      <Filter>Header Files</Filter>
    </ClInclude>
    <ClInclude Include="EntityTableSymbol.h">
      <Filter>Header Files</Filter>
    </ClInclude>
    <ClInclude Include="EntityTableMeasureSymbol.h">
      <Filter>Header Files</Filter>
    </ClInclude>
    <ClInclude Include="EntityTableAccumulatorSymbol.h">
      <Filter>Header Files</Filter>
    </ClInclude>
    <ClInclude Include="EntityTableMeasureAttributeSymbol.h">
      <Filter>Header Files</Filter>
    </ClInclude>
    <ClInclude Include="TableSymbol.h">
      <Filter>Header Files</Filter>
    </ClInclude>
    <ClInclude Include="TableMeasureSymbol.h">
      <Filter>Header Files</Filter>
    </ClInclude>
    <ClInclude Include="EntityIncrementSymbol.h">
      <Filter>Header Files</Filter>
    </ClInclude>
    <ClInclude Include="StringTypeSymbol.h">
      <Filter>Header Files</Filter>
    </ClInclude>
    <ClInclude Include="SpecialGlobal.h">
      <Filter>Header Files</Filter>
    </ClInclude>
    <ClInclude Include="AttributeSymbol.h">
      <Filter>Header Files</Filter>
    </ClInclude>
    <ClInclude Include="BuiltinAttributeSymbol.h">
      <Filter>Header Files</Filter>
    </ClInclude>
    <ClInclude Include="DerivedAttributeSymbol.h">
      <Filter>Header Files</Filter>
    </ClInclude>
    <ClInclude Include="EntityArrayMemberSymbol.h">
      <Filter>Header Files</Filter>
    </ClInclude>
    <ClInclude Include="EntityDataMemberSymbol.h">
      <Filter>Header Files</Filter>
    </ClInclude>
    <ClInclude Include="EntityEventSymbol.h">
      <Filter>Header Files</Filter>
    </ClInclude>
    <ClInclude Include="EntityFuncSymbol.h">
      <Filter>Header Files</Filter>
    </ClInclude>
    <ClInclude Include="EntityHookSymbol.h">
      <Filter>Header Files</Filter>
    </ClInclude>
    <ClInclude Include="EntityInternalSymbol.h">
      <Filter>Header Files</Filter>
    </ClInclude>
    <ClInclude Include="EntityMemberSymbol.h">
      <Filter>Header Files</Filter>
    </ClInclude>
    <ClInclude Include="EntityMultilinkSymbol.h">
      <Filter>Header Files</Filter>
    </ClInclude>
    <ClInclude Include="EntitySymbol.h">
      <Filter>Header Files</Filter>
    </ClInclude>
    <ClInclude Include="ExprForAttribute.h">
      <Filter>Header Files</Filter>
    </ClInclude>
    <ClInclude Include="IdentityAttributeSymbol.h">
      <Filter>Header Files</Filter>
    </ClInclude>
    <ClInclude Include="LinkAttributeSymbol.h">
      <Filter>Header Files</Filter>
    </ClInclude>
    <ClInclude Include="LinkToAttributeSymbol.h">
      <Filter>Header Files</Filter>
    </ClInclude>
    <ClInclude Include="MultilinkAttributeSymbol.h">
      <Filter>Header Files</Filter>
    </ClInclude>
    <ClInclude Include="SimpleAttributeEnumSymbol.h">
      <Filter>Header Files</Filter>
    </ClInclude>
    <ClInclude Include="SimpleAttributeSymbol.h">
      <Filter>Header Files</Filter>
    </ClInclude>
    <ClInclude Include="ScenarioSymbol.h">
      <Filter>Header Files</Filter>
    </ClInclude>
    <ClInclude Include="omc_common.h">
      <Filter>Header Files</Filter>
    </ClInclude>
  </ItemGroup>
  <ItemGroup>
    <ClCompile Include="CodeGen.cpp">
      <Filter>Source Files</Filter>
    </ClCompile>
    <ClCompile Include="Driver.cpp">
      <Filter>Source Files</Filter>
    </ClCompile>
    <ClCompile Include="omc.cpp">
      <Filter>Source Files</Filter>
    </ClCompile>
    <ClCompile Include="Symbol.cpp">
      <Filter>Source Files</Filter>
    </ClCompile>
    <ClCompile Include="ParameterSymbol.cpp">
      <Filter>Source Files</Filter>
    </ClCompile>
    <ClCompile Include="CodeBlock.cpp">
      <Filter>Source Files</Filter>
    </ClCompile>
    <ClCompile Include="ModelTypeSymbol.cpp">
      <Filter>Source Files</Filter>
    </ClCompile>
    <ClCompile Include="VersionSymbol.cpp">
      <Filter>Source Files</Filter>
    </ClCompile>
    <ClCompile Include="ModelSymbol.cpp">
      <Filter>Source Files</Filter>
    </ClCompile>
    <ClCompile Include="TypeSymbol.cpp">
      <Filter>Source Files</Filter>
    </ClCompile>
    <ClCompile Include="LanguageSymbol.cpp">
      <Filter>Source Files</Filter>
    </ClCompile>
    <ClCompile Include="HeaderCheck.cpp">
      <Filter>Source Files</Filter>
    </ClCompile>
    <ClCompile Include="EnumeratorSymbol.cpp">
      <Filter>Source Files</Filter>
    </ClCompile>
    <ClCompile Include="ClassificationSymbol.cpp">
      <Filter>Source Files</Filter>
    </ClCompile>
    <ClCompile Include="PartitionSymbol.cpp">
      <Filter>Source Files</Filter>
    </ClCompile>
    <ClCompile Include="RangeSymbol.cpp">
      <Filter>Source Files</Filter>
    </ClCompile>
    <ClCompile Include="BoolSymbol.cpp">
      <Filter>Source Files</Filter>
    </ClCompile>
    <ClCompile Include="EnumerationSymbol.cpp">
      <Filter>Source Files</Filter>
    </ClCompile>
    <ClCompile Include="RealSymbol.cpp">
      <Filter>Source Files</Filter>
    </ClCompile>
    <ClCompile Include="TimeSymbol.cpp">
      <Filter>Source Files</Filter>
    </ClCompile>
    <ClCompile Include="NumericSymbol.cpp">
      <Filter>Source Files</Filter>
    </ClCompile>
    <ClCompile Include="TypeOfLinkSymbol.cpp">
      <Filter>Source Files</Filter>
    </ClCompile>
    <ClCompile Include="UnknownTypeSymbol.cpp">
      <Filter>Source Files</Filter>
    </ClCompile>
    <ClCompile Include="EnumerationWithEnumeratorsSymbol.cpp">
      <Filter>Source Files</Filter>
    </ClCompile>
    <ClCompile Include="StringSymbol.cpp">
      <Filter>Source Files</Filter>
    </ClCompile>
    <ClCompile Include="EntitySetSymbol.cpp">
      <Filter>Source Files</Filter>
    </ClCompile>
    <ClCompile Include="ConstantSymbol.cpp">
      <Filter>Source Files</Filter>
    </ClCompile>
    <ClCompile Include="GroupSymbol.cpp">
      <Filter>Source Files</Filter>
    </ClCompile>
    <ClCompile Include="ParameterGroupSymbol.cpp">
      <Filter>Source Files</Filter>
    </ClCompile>
    <ClCompile Include="TableGroupSymbol.cpp">
      <Filter>Source Files</Filter>
    </ClCompile>
    <ClCompile Include="HideGroupSymbol.cpp">
      <Filter>Source Files</Filter>
    </ClCompile>
    <ClCompile Include="DependencyGroupSymbol.cpp">
      <Filter>Source Files</Filter>
    </ClCompile>
    <ClCompile Include="GlobalFuncSymbol.cpp">
      <Filter>Source Files</Filter>
    </ClCompile>
    <ClCompile Include="Constant.cpp">
      <Filter>Source Files</Filter>
    </ClCompile>
    <ClCompile Include="AggregationSymbol.cpp">
      <Filter>Source Files</Filter>
    </ClCompile>
    <ClCompile Include="DimensionSymbol.cpp">
      <Filter>Source Files</Filter>
    </ClCompile>
    <ClCompile Include="DerivedTableSymbol.cpp">
      <Filter>Source Files</Filter>
    </ClCompile>
    <ClCompile Include="EntityTableSymbol.cpp">
      <Filter>Source Files</Filter>
    </ClCompile>
    <ClCompile Include="EntityTableMeasureSymbol.cpp">
      <Filter>Source Files</Filter>
    </ClCompile>
    <ClCompile Include="EntityTableAccumulatorSymbol.cpp">
      <Filter>Source Files</Filter>
    </ClCompile>
    <ClCompile Include="EntityTableMeasureAttributeSymbol.cpp">
      <Filter>Source Files</Filter>
    </ClCompile>
    <ClCompile Include="TableSymbol.cpp">
      <Filter>Source Files</Filter>
    </ClCompile>
    <ClCompile Include="TableMeasureSymbol.cpp">
      <Filter>Source Files</Filter>
    </ClCompile>
    <ClCompile Include="EntityIncrementSymbol.cpp">
      <Filter>Source Files</Filter>
    </ClCompile>
    <ClCompile Include="StringTypeSymbol.cpp">
      <Filter>Source Files</Filter>
    </ClCompile>
    <ClCompile Include="AttributeSymbol.cpp">
      <Filter>Source Files</Filter>
    </ClCompile>
    <ClCompile Include="BuiltinAttributeSymbol.cpp">
      <Filter>Source Files</Filter>
    </ClCompile>
    <ClCompile Include="DerivedAttributeSymbol.cpp">
      <Filter>Source Files</Filter>
    </ClCompile>
    <ClCompile Include="EntityArrayMemberSymbol.cpp">
      <Filter>Source Files</Filter>
    </ClCompile>
    <ClCompile Include="EntityDataMemberSymbol.cpp">
      <Filter>Source Files</Filter>
    </ClCompile>
    <ClCompile Include="EntityEventSymbol.cpp">
      <Filter>Source Files</Filter>
    </ClCompile>
    <ClCompile Include="EntityFuncSymbol.cpp">
      <Filter>Source Files</Filter>
    </ClCompile>
    <ClCompile Include="EntityHookSymbol.cpp">
      <Filter>Source Files</Filter>
    </ClCompile>
    <ClCompile Include="EntityInternalSymbol.cpp">
      <Filter>Source Files</Filter>
    </ClCompile>
    <ClCompile Include="EntityMemberSymbol.cpp">
      <Filter>Source Files</Filter>
    </ClCompile>
    <ClCompile Include="EntityMultilinkSymbol.cpp">
      <Filter>Source Files</Filter>
    </ClCompile>
    <ClCompile Include="EntitySymbol.cpp">
      <Filter>Source Files</Filter>
    </ClCompile>
    <ClCompile Include="IdentityAttributeSymbol.cpp">
      <Filter>Source Files</Filter>
    </ClCompile>
    <ClCompile Include="LinkAttributeSymbol.cpp">
      <Filter>Source Files</Filter>
    </ClCompile>
    <ClCompile Include="LinkToAttributeSymbol.cpp">
      <Filter>Source Files</Filter>
    </ClCompile>
    <ClCompile Include="MultilinkAttributeSymbol.cpp">
      <Filter>Source Files</Filter>
    </ClCompile>
    <ClCompile Include="SimpleAttributeEnumSymbol.cpp">
      <Filter>Source Files</Filter>
    </ClCompile>
    <ClCompile Include="SimpleAttributeSymbol.cpp">
      <Filter>Source Files</Filter>
    </ClCompile>
    <ClCompile Include="ParseContext.cpp">
      <Filter>Source Files</Filter>
    </ClCompile>
    <ClCompile Include="ScenarioSymbol.cpp">
      <Filter>Source Files</Filter>
    </ClCompile>
  </ItemGroup>
  <ItemGroup>
    <ClInclude Include="$(BUILD_OMC_SRC_DIR)/parser.hpp">
      <Filter>flex_bison</Filter>
    </ClInclude>
    <ClInclude Include="$(BUILD_OMC_SRC_DIR)/location.hh">
      <Filter>flex_bison</Filter>
    </ClInclude>
    <ClInclude Include="$(BUILD_OMC_SRC_DIR)/position.hh">
      <Filter>flex_bison</Filter>
    </ClInclude>
    <ClInclude Include="$(BUILD_OMC_SRC_DIR)/stack.hh">
      <Filter>flex_bison</Filter>
    </ClInclude>
  </ItemGroup>
  <ItemGroup>
    <ClCompile Include="$(BUILD_OMC_SRC_DIR)/parser.cpp">
      <Filter>flex_bison</Filter>
    </ClCompile>
    <ClCompile Include="$(BUILD_OMC_SRC_DIR)/scanner.cpp">
      <Filter>flex_bison</Filter>
    </ClCompile>
  </ItemGroup>
</Project>