<?xml version="1.0" encoding="utf-8"?>
<Project ToolsVersion="4.0" xmlns="http://schemas.microsoft.com/developer/msbuild/2003">
  <ItemGroup>
    <Filter Include="Source Files">
      <UniqueIdentifier>{4FC737F1-C7A5-4376-A066-2A32D752A2FF}</UniqueIdentifier>
      <Extensions>cpp;c;cc;cxx;def;odl;idl;hpj;bat;asm;asmx</Extensions>
    </Filter>
    <Filter Include="Header Files">
      <UniqueIdentifier>{93995380-89BD-4b04-88EB-625FBE52EBFB}</UniqueIdentifier>
      <Extensions>h;hpp;hxx;hm;inl;inc;xsd</Extensions>
    </Filter>
    <Filter Include="Resource Files">
      <UniqueIdentifier>{67DA6AB6-F800-4c08-8B7A-83BB121AAD01}</UniqueIdentifier>
      <Extensions>rc;ico;cur;bmp;dlg;rc2;rct;bin;rgs;gif;jpg;jpeg;jpe;resx;tiff;tif;png;wav;mfcribbon-ms</Extensions>
    </Filter>
    <Filter Include="Header Files\db">
      <UniqueIdentifier>{c008d76c-253b-4e5b-8b76-7b25f87bbba1}</UniqueIdentifier>
    </Filter>
    <Filter Include="Source Files\db">
      <UniqueIdentifier>{50411443-0289-4a42-b1d6-71394b096c2e}</UniqueIdentifier>
    </Filter>
    <Filter Include="Source Files\common">
      <UniqueIdentifier>{0fae724d-c10d-43d7-9525-3648e692b6dd}</UniqueIdentifier>
    </Filter>
    <Filter Include="Source Files\include">
      <UniqueIdentifier>{2acf9379-5469-4bd7-bf27-fd8719d98407}</UniqueIdentifier>
    </Filter>
    <Filter Include="Header Files\common">
      <UniqueIdentifier>{55d28e1f-5e10-4ce6-b1e2-86bca449fd0d}</UniqueIdentifier>
    </Filter>
    <Filter Include="Source Files\db\omc">
      <UniqueIdentifier>{65a66291-34fb-4b02-bf51-b52b888dba20}</UniqueIdentifier>
    </Filter>
  </ItemGroup>
  <ItemGroup>
    <ClInclude Include="common\log.h">
      <Filter>Source Files\common</Filter>
    </ClInclude>
    <ClInclude Include="common\iniReader.h">
      <Filter>Source Files\common</Filter>
    </ClInclude>
    <ClInclude Include="..\..\include\libopenm\common\argReader.h">
      <Filter>Header Files\common</Filter>
    </ClInclude>
    <ClInclude Include="..\..\include\libopenm\common\omFile.h">
      <Filter>Header Files\common</Filter>
    </ClInclude>
    <ClInclude Include="..\..\include\libopenm\common\omHelper.h">
      <Filter>Header Files\common</Filter>
    </ClInclude>
    <ClInclude Include="..\..\include\libopenm\db\dbCommon.h">
      <Filter>Header Files\db</Filter>
    </ClInclude>
    <ClInclude Include="..\..\include\libopenm\db\dbMetaRow.h">
      <Filter>Header Files\db</Filter>
    </ClInclude>
    <ClInclude Include="..\..\include\libopenm\db\metaModelHolder.h">
      <Filter>Header Files\db</Filter>
    </ClInclude>
    <ClInclude Include="..\..\include\libopenm\db\modelBuilder.h">
      <Filter>Header Files\db</Filter>
    </ClInclude>
    <ClInclude Include="..\..\include\libopenm\omCommon.h">
      <Filter>Header Files</Filter>
    </ClInclude>
    <ClInclude Include="..\..\include\libopenm\db\metaSetHolder.h">
      <Filter>Header Files\db</Filter>
    </ClInclude>
    <ClInclude Include="include\crc32.h">
      <Filter>Source Files\include</Filter>
    </ClInclude>
    <ClInclude Include="include\md5.h">
      <Filter>Source Files\include</Filter>
    </ClInclude>
    <ClInclude Include="include\helper.h">
      <Filter>Source Files\include</Filter>
    </ClInclude>
    <ClInclude Include="db\dbExecBase.h">
      <Filter>Source Files\db</Filter>
    </ClInclude>
    <ClInclude Include="db\dbExecSqlite.h">
      <Filter>Source Files\db</Filter>
    </ClInclude>
    <ClInclude Include="db\dbValue.h">
      <Filter>Source Files\db</Filter>
    </ClInclude>
    <ClInclude Include="include\dbMetaTable.h">
      <Filter>Source Files\include</Filter>
    </ClInclude>
    <ClInclude Include="db\omc\modelInsertSql.h">
      <Filter>Source Files\db\omc</Filter>
    </ClInclude>
    <ClInclude Include="db\omc\modelSqlBuilder.h">
      <Filter>Source Files\db\omc</Filter>
    </ClInclude>
    <ClInclude Include="db\omc\modelSqlWriter.h">
      <Filter>Source Files\db\omc</Filter>
    </ClInclude>
    <ClInclude Include="db\omc\modelAggregationSql.h">
      <Filter>Source Files\db\omc</Filter>
    </ClInclude>
  </ItemGroup>
  <ItemGroup>
    <ClCompile Include="common\file.cpp">
      <Filter>Source Files\common</Filter>
    </ClCompile>
    <ClCompile Include="common\helper.cpp">
      <Filter>Source Files\common</Filter>
    </ClCompile>
    <ClCompile Include="common\iniReader.cpp">
      <Filter>Source Files\common</Filter>
    </ClCompile>
    <ClCompile Include="common\log.cpp">
      <Filter>Source Files\common</Filter>
    </ClCompile>
    <ClCompile Include="common\utf8Convert.cpp">
      <Filter>Source Files\common</Filter>
    </ClCompile>
    <ClCompile Include="db\dbMetaRow.cpp">
      <Filter>Source Files\db</Filter>
    </ClCompile>
    <ClCompile Include="common\argReader.cpp">
      <Filter>Source Files\common</Filter>
    </ClCompile>
    <ClCompile Include="common\crc32.cpp">
      <Filter>Source Files\common</Filter>
    </ClCompile>
    <ClCompile Include="common\md5.cpp">
      <Filter>Source Files\common</Filter>
    </ClCompile>
    <ClCompile Include="db\dbExec.cpp">
      <Filter>Source Files\db</Filter>
    </ClCompile>
    <ClCompile Include="common\splitCsv.cpp">
      <Filter>Source Files\common</Filter>
    </ClCompile>
    <ClCompile Include="db\dbExecBase.cpp">
      <Filter>Source Files\db</Filter>
    </ClCompile>
    <ClCompile Include="db\dbExecProvider.cpp">
      <Filter>Source Files\db</Filter>
    </ClCompile>
    <ClCompile Include="db\dbExecSqlite.cpp">
      <Filter>Source Files\db</Filter>
    </ClCompile>
    <ClCompile Include="db\dbValue.cpp">
      <Filter>Source Files\db</Filter>
    </ClCompile>
    <ClCompile Include="db\groupLstTable.cpp">
      <Filter>Source Files\db</Filter>
    </ClCompile>
    <ClCompile Include="db\groupPcTable.cpp">
      <Filter>Source Files\db</Filter>
    </ClCompile>
    <ClCompile Include="db\groupTxtTable.cpp">
      <Filter>Source Files\db</Filter>
    </ClCompile>
    <ClCompile Include="db\langLstTable.cpp">
      <Filter>Source Files\db</Filter>
    </ClCompile>
    <ClCompile Include="db\langWordTable.cpp">
      <Filter>Source Files\db</Filter>
    </ClCompile>
    <ClCompile Include="db\modelDicTable.cpp">
      <Filter>Source Files\db</Filter>
    </ClCompile>
    <ClCompile Include="db\modelDicTxtTable.cpp">
      <Filter>Source Files\db</Filter>
    </ClCompile>
    <ClCompile Include="db\modelWordTable.cpp">
      <Filter>Source Files\db</Filter>
    </ClCompile>
    <ClCompile Include="db\outputTableWriter.cpp">
      <Filter>Source Files\db</Filter>
    </ClCompile>
    <ClCompile Include="db\paramDicTable.cpp">
      <Filter>Source Files\db</Filter>
    </ClCompile>
    <ClCompile Include="db\paramDicTxtTable.cpp">
      <Filter>Source Files\db</Filter>
    </ClCompile>
    <ClCompile Include="db\paramDimsTable.cpp">
      <Filter>Source Files\db</Filter>
    </ClCompile>
    <ClCompile Include="db\paramDimsTxtTable.cpp">
      <Filter>Source Files\db</Filter>
    </ClCompile>
    <ClCompile Include="db\parameterReader.cpp">
      <Filter>Source Files\db</Filter>
    </ClCompile>
    <ClCompile Include="db\parameterWriter.cpp">
      <Filter>Source Files\db</Filter>
    </ClCompile>
    <ClCompile Include="db\profileLstTable.cpp">
      <Filter>Source Files\db</Filter>
    </ClCompile>
    <ClCompile Include="db\profileOptionTable.cpp">
      <Filter>Source Files\db</Filter>
    </ClCompile>
    <ClCompile Include="db\runLstTable.cpp">
      <Filter>Source Files\db</Filter>
    </ClCompile>
    <ClCompile Include="db\runOptionTable.cpp">
      <Filter>Source Files\db</Filter>
    </ClCompile>
    <ClCompile Include="db\runParamTxtTable.cpp">
      <Filter>Source Files\db</Filter>
    </ClCompile>
    <ClCompile Include="db\runTxtTable.cpp">
      <Filter>Source Files\db</Filter>
    </ClCompile>
    <ClCompile Include="db\tableAccTable.cpp">
      <Filter>Source Files\db</Filter>
    </ClCompile>
    <ClCompile Include="db\tableAccTxtTable.cpp">
      <Filter>Source Files\db</Filter>
    </ClCompile>
    <ClCompile Include="db\tableDicTable.cpp">
      <Filter>Source Files\db</Filter>
    </ClCompile>
    <ClCompile Include="db\tableDicTxtTable.cpp">
      <Filter>Source Files\db</Filter>
    </ClCompile>
    <ClCompile Include="db\tableDimsTable.cpp">
      <Filter>Source Files\db</Filter>
    </ClCompile>
    <ClCompile Include="db\tableDimsTxtTable.cpp">
      <Filter>Source Files\db</Filter>
    </ClCompile>
    <ClCompile Include="db\tableExprTable.cpp">
      <Filter>Source Files\db</Filter>
    </ClCompile>
    <ClCompile Include="db\tableExprTxtTable.cpp">
      <Filter>Source Files\db</Filter>
    </ClCompile>
    <ClCompile Include="db\taskLstTable.cpp">
      <Filter>Source Files\db</Filter>
    </ClCompile>
    <ClCompile Include="db\taskRunLstTable.cpp">
      <Filter>Source Files\db</Filter>
    </ClCompile>
    <ClCompile Include="db\taskRunSetTable.cpp">
      <Filter>Source Files\db</Filter>
    </ClCompile>
    <ClCompile Include="db\taskSetTable.cpp">
      <Filter>Source Files\db</Filter>
    </ClCompile>
    <ClCompile Include="db\taskTxtTable.cpp">
      <Filter>Source Files\db</Filter>
    </ClCompile>
    <ClCompile Include="db\typeDicTable.cpp">
      <Filter>Source Files\db</Filter>
    </ClCompile>
    <ClCompile Include="db\typeDicTxtTable.cpp">
      <Filter>Source Files\db</Filter>
    </ClCompile>
    <ClCompile Include="db\typeEnumLstTable.cpp">
      <Filter>Source Files\db</Filter>
    </ClCompile>
    <ClCompile Include="db\typeEnumTxtTable.cpp">
      <Filter>Source Files\db</Filter>
    </ClCompile>
    <ClCompile Include="db\worksetLstTable.cpp">
      <Filter>Source Files\db</Filter>
    </ClCompile>
    <ClCompile Include="db\worksetParamTable.cpp">
      <Filter>Source Files\db</Filter>
    </ClCompile>
    <ClCompile Include="db\worksetParamTxtTable.cpp">
      <Filter>Source Files\db</Filter>
    </ClCompile>
    <ClCompile Include="db\worksetTxtTable.cpp">
      <Filter>Source Files\db</Filter>
    </ClCompile>
    <ClCompile Include="db\omc\modelInsertSql.cpp">
      <Filter>Source Files\db\omc</Filter>
    </ClCompile>
    <ClCompile Include="db\omc\modelSqlBuilder.cpp">
      <Filter>Source Files\db\omc</Filter>
    </ClCompile>
    <ClCompile Include="db\omc\modelSqlBuilderPrepare.cpp">
      <Filter>Source Files\db\omc</Filter>
    </ClCompile>
    <ClCompile Include="db\omc\modelSqlWriter.cpp">
      <Filter>Source Files\db\omc</Filter>
    </ClCompile>
    <ClCompile Include="db\omc\modelAggregationSql.cpp">
      <Filter>Source Files\db\omc</Filter>
    </ClCompile>
  </ItemGroup>
</Project>