
Microsoft Visual Studio Solution File, Format Version 11.00
# Visual Studio 2010
Project("{8BC9CEB8-8B4A-11D0-8D11-00A0C91BC942}") = "Alpha1", "Alpha1.vcxproj", "{39D9AA3B-DF38-4AF4-A489-F4B48BBD9DC6}"
EndProject
Global
	GlobalSection(SolutionConfigurationPlatforms) = preSolution
		Debug|Win32 = Debug|Win32
		Release|Win32 = Release|Win32
	EndGlobalSection
	GlobalSection(ProjectConfigurationPlatforms) = postSolution
		{39D9AA3B-DF38-4AF4-A489-F4B48BBD9DC6}.Debug|Win32.ActiveCfg = Debug|Win32
		{39D9AA3B-DF38-4AF4-A489-F4B48BBD9DC6}.Debug|Win32.Build.0 = Debug|Win32
		{39D9AA3B-DF38-4AF4-A489-F4B48BBD9DC6}.Release|Win32.ActiveCfg = Release|Win32
		{39D9AA3B-DF38-4AF4-A489-F4B48BBD9DC6}.Release|Win32.Build.0 = Release|Win32
	EndGlobalSection
	GlobalSection(SolutionProperties) = preSolution
		HideSolutionNode = FALSE
	EndGlobalSection
EndGlobal
