<?xml version="1.0" encoding="utf-8"?>
<Project ToolsVersion="4.0" xmlns="http://schemas.microsoft.com/developer/msbuild/2003">
  <ItemGroup>
    <Filter Include="C++ Files">
      <UniqueIdentifier>{0e7866a6-65b3-41a1-b201-3b7d043e1098}</UniqueIdentifier>
      <Extensions>cpp;h;ico;inf;rc</Extensions>
    </Filter>
    <Filter Include="Model Source Files">
      <UniqueIdentifier>{8cccebfa-faca-4919-98d0-0f6783a23205}</UniqueIdentifier>
      <Extensions>mpp;ompp</Extensions>
    </Filter>
    <Filter Include="Scenarios">
      <UniqueIdentifier>{082983d8-b8b7-4726-87c5-4b43c5700182}</UniqueIdentifier>
      <Extensions>scex;dat</Extensions>
    </Filter>
    <Filter Include="SqlScript">
      <UniqueIdentifier>{1c64e892-d070-4b8d-ac88-e35c4322e461}</UniqueIdentifier>
      <Extensions>sql</Extensions>
    </Filter>
    <Filter Include="OmcOutput">
      <UniqueIdentifier>{cde252cf-1ec2-45f3-9e90-96803cd7895a}</UniqueIdentifier>
    </Filter>
  </ItemGroup>
  <ItemGroup>
    <ClInclude Include="..\include\omc\Agent.h">
      <Filter>C++ Files</Filter>
    </ClInclude>
    <ClInclude Include="..\include\omc\AgentVar.h">
      <Filter>C++ Files</Filter>
    </ClInclude>
    <ClInclude Include="..\include\omc\Event.h">
      <Filter>C++ Files</Filter>
    </ClInclude>
    <ClInclude Include="Happiness.mpp">
      <Filter>Model Source Files</Filter>
    </ClInclude>
    <ClInclude Include="PersonCore.mpp">
      <Filter>Model Source Files</Filter>
    </ClInclude>
    <ClInclude Include="Alpha2.mpp">
      <Filter>Model Source Files</Filter>
    </ClInclude>
  </ItemGroup>
  <ItemGroup>
    <ClCompile Include="$(OMC_OUT_DIR)/om_definitions.cpp">
      <Filter>OmcOutput</Filter>
    </ClCompile>
    <ClCompile Include="$(OMC_OUT_DIR)/om_developer.cpp">
      <Filter>OmcOutput</Filter>
    </ClCompile>
  </ItemGroup>
  <ItemGroup>
    <ClInclude Include="$(OMC_OUT_DIR)/om_declarations.h">
      <Filter>OmcOutput</Filter>
    </ClInclude>
    <ClInclude Include="$(OMC_OUT_DIR)/om_types.h">
      <Filter>OmcOutput</Filter>
    </ClInclude>
  </ItemGroup>
  <ItemGroup>
    <SqlScript Include="$(OMC_OUT_DIR)/Alpha2_create_model.sql">
      <Filter>SqlScript</Filter>
    </SqlScript>
    <SqlScript Include="$(OMC_OUT_DIR)/Alpha2_optional_views.sql">
      <Filter>SqlScript</Filter>
    </SqlScript>
  </ItemGroup>
  <ItemGroup>
    <None Include="StartSimulation.ompp">
      <Filter>Model Source Files</Filter>
    </None>
    <None Include="SyntaxProbes.mpp">
      <Filter>Model Source Files</Filter>
    </None>
  </ItemGroup>
</Project>