<?xml version="1.0" encoding="utf-8"?>
<Project ToolsVersion="4.0" xmlns="http://schemas.microsoft.com/developer/msbuild/2003">

  <ItemGroup>
    <Filter Include="C++ Files">
      <UniqueIdentifier>{0e7866a6-65b3-41a1-b201-3b7d043e1098}</UniqueIdentifier>
      <Extensions>cpp;h;ico;inf;rc</Extensions>
    </Filter>
    <Filter Include="Model Source Files">
      <UniqueIdentifier>{8cccebfa-faca-4919-98d0-0f6783a23205}</UniqueIdentifier>
      <Extensions>mpp;ompp</Extensions>
    </Filter>
    <Filter Include="Parameter Files">
      <UniqueIdentifier>{734f218c-d7be-4271-b862-5f51628fca8d}</UniqueIdentifier>
      <Extensions>dat;odat</Extensions>
    </Filter>
    <Filter Include="IniFiles">
      <UniqueIdentifier>{9d673919-854a-495c-b069-c7e667f5e12f}</UniqueIdentifier>
      <Extensions>ini</Extensions>
    </Filter>

    <!--                       -->
    <!-- SQLite source filters -->
    <!--                       -->
    <Filter Include="libsqlite">
      <UniqueIdentifier>{e8e88b1e-c236-4da5-bf5e-28a203e0a0e8}</UniqueIdentifier>
    </Filter>
    
    <!--                                -->
    <!-- OpenM++ runtime source filters -->
    <!--                                -->
    <Filter Include="openm-include">
      <UniqueIdentifier>{81bac949-4200-490c-850b-60394f625619}</UniqueIdentifier>
    </Filter>
    <Filter Include="openm-include\db">
      <UniqueIdentifier>{b9d9a219-5b05-4cc5-b216-3e96be64452f}</UniqueIdentifier>
    </Filter>
    <Filter Include="openm-include\common">
      <UniqueIdentifier>{1b272370-b63d-45af-be8c-6e862d2d7e8d}</UniqueIdentifier>
    </Filter>
    <Filter Include="libopenm">
      <UniqueIdentifier>{278fb9bd-3cdd-4198-97c1-e19fc2258bdf}</UniqueIdentifier>
    </Filter>
    <Filter Include="libopenm\common">
      <UniqueIdentifier>{72411fce-368c-4b11-8885-a8af8dc1fe68}</UniqueIdentifier>
    </Filter>
    <Filter Include="libopenm\db">
      <UniqueIdentifier>{0d49564b-4029-405b-9773-c39622b65fe6}</UniqueIdentifier>
    </Filter>
    <Filter Include="libopenm\include">
      <UniqueIdentifier>{17ed2313-8c82-4e8b-a612-3cdd39fd698a}</UniqueIdentifier>
    </Filter>
    <Filter Include="libopenm\model">
      <UniqueIdentifier>{820d3529-5df3-4b9f-a791-6f6897878a63}</UniqueIdentifier>
    </Filter>
    <Filter Include="libopenm\msg">
      <UniqueIdentifier>{e7581c7d-925a-4111-b2bd-951a6bec81c1}</UniqueIdentifier>
    </Filter>
    
  </ItemGroup>
  
  <ItemGroup>
    <ClCompile Include="$(PCH_CXX)" />
    <ClCompile Include="src/om_definitions.cpp">
      <Filter>C++ Files</Filter>
    </ClCompile>
    <ClCompile Include="src/om_developer.cpp">
      <Filter>C++ Files</Filter>
    </ClCompile>
    <ClCompile Include="src/om_fixed_parms.cpp">
      <Filter>C++ Files</Filter>
    </ClCompile>
    <ClCompile Include="$(CUSTOM_CPP)" />
    <ClCompile Include="$(PCH_CXX)" />
  </ItemGroup>
  
  <ItemGroup>
    <ClInclude Include="src/om_types0.h">
      <Filter>C++ Files</Filter>
    </ClInclude>
    <ClInclude Include="src/om_types1.h">
      <Filter>C++ Files</Filter>
    </ClInclude>
    <ClInclude Include="src/om_declarations.h">
      <Filter>C++ Files</Filter>
    </ClInclude>
    <ClInclude Include="../code/custom_early.h">
      <Filter>C++ Files</Filter>
    </ClInclude>
    <ClInclude Include="../code/custom.h">
      <Filter>C++ Files</Filter>
    </ClInclude>
  </ItemGroup>
  <ItemGroup>
    <None Include="../code/*.mpp">
      <Filter>Model Source Files</Filter>
    </None>
    <None Include="../code/*.ompp">
      <Filter>Model Source Files</Filter>
    </None>
    <None Include="../parameters/*/*.dat">
      <Filter>Parameter Files</Filter>
    </None>
    <None Include="../parameters/*/*.odat">
      <Filter>Parameter Files</Filter>
    </None>
    <None Include="$(ProjectDir)$(MODEL_NAME).ini">
      <Filter>IniFiles</Filter>
    </None>
  </ItemGroup>

  <!--                     -->
  <!-- SQLite source files -->
  <!--                     -->
  <ItemGroup>
    <ClCompile Include="$(OM_ROOT)/openm/libsqlite/sqlite3.c">
      <Filter>libsqlite</Filter>
    </ClCompile>
    <ClCompile Include="$(OM_ROOT)/openm/libsqlite/extension-functions.c">
      <Filter>libsqlite</Filter>
    </ClCompile>
  </ItemGroup>
  <ItemGroup>
    <ClInclude Include="$(OM_ROOT)/openm/libsqlite/extension_functions.h">
      <Filter>libsqlite</Filter>
    </ClInclude>
    <ClInclude Include="$(OM_ROOT)/openm/libsqlite/sqlite3.h">
      <Filter>libsqlite</Filter>
    </ClInclude>
    <ClInclude Include="$(OM_ROOT)/openm/libsqlite/sqlite3ext.h">
      <Filter>libsqlite</Filter>
    </ClInclude>
  </ItemGroup>
  
  <!--                              -->
  <!-- OpenM++ runtime source files -->
  <!--                              -->
  <ItemGroup>
    <ClInclude Include="$(OM_ROOT)/include/libopenm/common/argReader.h">
      <Filter>openm-include\common</Filter>
    </ClInclude>
    <ClInclude Include="$(OM_ROOT)/include/libopenm/common/iniReader.h">
      <Filter>openm-include\common</Filter>
    </ClInclude>
    <ClInclude Include="$(OM_ROOT)/include/libopenm/common/omHelper.h">
      <Filter>openm-include\common</Filter>
    </ClInclude>
    <ClInclude Include="$(OM_ROOT)/include/libopenm/common/omFile.h">
      <Filter>openm-include\common</Filter>
    </ClInclude>
    <ClInclude Include="$(OM_ROOT)/include/libopenm/db/dbCommon.h">
      <Filter>openm-include\db</Filter>
    </ClInclude>
    <ClInclude Include="$(OM_ROOT)/include/libopenm/db/dbMetaRow.h">
      <Filter>openm-include\db</Filter>
    </ClInclude>
    <ClInclude Include="$(OM_ROOT)/include/libopenm/omError.h">
      <Filter>openm-include</Filter>
    </ClInclude>
    <ClInclude Include="$(OM_ROOT)/include/libopenm/omModel.h">
      <Filter>openm-include</Filter>
    </ClInclude>
    <ClInclude Include="$(OM_ROOT)/include/libopenm/omModelRunState.h">
      <Filter>openm-include</Filter>
    </ClInclude>
    <ClInclude Include="$(OM_ROOT)/include/libopenm/omLog.h">
      <Filter>openm-include</Filter>
    </ClInclude>
    <ClInclude Include="$(OM_ROOT)/include/libopenm/omVersion.h">
      <Filter>openm-include</Filter>
    </ClInclude>

    <ClInclude Include="$(OM_ROOT)/openm/libopenm/include/crc32.h">
      <Filter>libopenm\include</Filter>
    </ClInclude>
    <ClInclude Include="$(OM_ROOT)/openm/libopenm/include/dbExec.h">
      <Filter>libopenm\include</Filter>
    </ClInclude>
    <ClInclude Include="$(OM_ROOT)/openm/libopenm/include/dbMetaTable.h">
      <Filter>libopenm\include</Filter>
    </ClInclude>
    <ClInclude Include="$(OM_ROOT)/openm/libopenm/include/dbOutputTable.h">
      <Filter>libopenm\include</Filter>
    </ClInclude>
    <ClInclude Include="$(OM_ROOT)/openm/libopenm/include/dbParameter.h">
      <Filter>libopenm\include</Filter>
    </ClInclude>
    <ClInclude Include="$(OM_ROOT)/openm/libopenm/include/dbValue.h">
      <Filter>libopenm\include</Filter>
    </ClInclude>
    <ClInclude Include="$(OM_ROOT)/openm/libopenm/include/helper.h">
      <Filter>libopenm\include</Filter>
    </ClInclude>
    <ClInclude Include="$(OM_ROOT)/openm/libopenm/include/md5.h">
      <Filter>libopenm\include</Filter>
    </ClInclude>
    <ClInclude Include="$(OM_ROOT)/openm/libopenm/include/metaHolder.h">
      <Filter>libopenm\include</Filter>
    </ClInclude>
    <ClInclude Include="$(OM_ROOT)/openm/libopenm/include/metaLoader.h">
      <Filter>libopenm\include</Filter>
    </ClInclude>
    <ClInclude Include="$(OM_ROOT)/openm/libopenm/include/model.h">
      <Filter>libopenm\include</Filter>
    </ClInclude>
    <ClInclude Include="$(OM_ROOT)/openm/libopenm/include/modelRunState.h">
      <Filter>libopenm\include</Filter>
    </ClInclude>
    <ClInclude Include="$(OM_ROOT)/openm/libopenm/include/msg.h">
      <Filter>libopenm\include</Filter>
    </ClInclude>
    <ClInclude Include="$(OM_ROOT)/openm/libopenm/include/runController.h">
      <Filter>libopenm\include</Filter>
    </ClInclude>

    <ClInclude Include="$(OM_ROOT)/openm/libopenm/common/log.h">
      <Filter>libopenm\common</Filter>
    </ClInclude>

    <ClInclude Include="$(OM_ROOT)/openm/libopenm/db/dbExecBase.h">
      <Filter>libopenm\db</Filter>
    </ClInclude>
    <ClInclude Include="$(OM_ROOT)/openm/libopenm/db/dbExecSqlite.h">
      <Filter>libopenm\db</Filter>
    </ClInclude>

    <ClInclude Include="$(OM_ROOT)/openm/libopenm/model/modelHelper.h">
      <Filter>libopenm\model</Filter>
    </ClInclude>
    <ClInclude Include="$(OM_ROOT)/openm/libopenm/model/runControllerImpl.h">
      <Filter>libopenm\model</Filter>
    </ClInclude>

    <ClInclude Include="$(OM_ROOT)/openm/libopenm/msg/msgCommon.h">
      <Filter>libopenm\msg</Filter>
    </ClInclude>
    <ClInclude Include="$(OM_ROOT)/openm/libopenm/msg/msgEmpty.h">
      <Filter>libopenm\msg</Filter>
    </ClInclude>
    <ClInclude Include="$(OM_ROOT)/openm/libopenm/msg/msgExecBase.h">
      <Filter>libopenm\msg</Filter>
    </ClInclude>
    <ClInclude Include="$(OM_ROOT)/openm/libopenm/msg/msgMpiExec.h">
      <Filter>libopenm\msg</Filter>
    </ClInclude>
    <ClInclude Include="$(OM_ROOT)/openm/libopenm/msg/msgMpiPacked.h">
      <Filter>libopenm\msg</Filter>
    </ClInclude>
    <ClInclude Include="$(OM_ROOT)/openm/libopenm/msg/msgMpiRecv.h">
      <Filter>libopenm\msg</Filter>
    </ClInclude>
    <ClInclude Include="$(OM_ROOT)/openm/libopenm/msg/msgMpiSend.h">
      <Filter>libopenm\msg</Filter>
    </ClInclude>
    <ClInclude Include="$(OM_ROOT)/openm/libopenm/msg/msgMpi.h">
      <Filter>libopenm\msg</Filter>
    </ClInclude>
  </ItemGroup>

  <ItemGroup>
    <ClCompile Include="$(OM_ROOT)/openm/libopenm/main.cpp">
      <Filter>libopenm</Filter>
    </ClCompile>
    
    <ClCompile Include="$(OM_ROOT)/openm/libopenm/common/file.cpp">
      <Filter>libopenm\common</Filter>
    </ClCompile>
    <ClCompile Include="$(OM_ROOT)/openm/libopenm/common/helper.cpp">
      <Filter>libopenm\common</Filter>
    </ClCompile>
    <ClCompile Include="$(OM_ROOT)/openm/libopenm/common/iniReader.cpp">
      <Filter>libopenm\common</Filter>
    </ClCompile>
    <ClCompile Include="$(OM_ROOT)/openm/libopenm/common/log.cpp">
      <Filter>libopenm\common</Filter>
    </ClCompile>
    <ClCompile Include="$(OM_ROOT)/openm/libopenm/common/utf8Convert.cpp">
      <Filter>libopenm\common</Filter>
    </ClCompile>
    <ClCompile Include="$(OM_ROOT)/openm/libopenm/common/argReader.cpp">
      <Filter>libopenm\common</Filter>
    </ClCompile>
    <ClCompile Include="$(OM_ROOT)/openm/libopenm/common/md5.cpp">
      <Filter>libopenm\common</Filter>
    </ClCompile>
    <ClCompile Include="$(OM_ROOT)/openm/libopenm/common/splitCsv.cpp">
      <Filter>libopenm\common</Filter>
    </ClCompile>

    <ClCompile Include="$(OM_ROOT)/openm/libopenm/db/dbExecSqlite.cpp">
      <Filter>libopenm\db</Filter>
    </ClCompile>
    <ClCompile Include="$(OM_ROOT)/openm/libopenm/db/dbMetaRow.cpp">
      <Filter>libopenm\db</Filter>
    </ClCompile>
    <ClCompile Include="$(OM_ROOT)/openm/libopenm/db/groupLstTable.cpp">
      <Filter>libopenm\db</Filter>
    </ClCompile>
    <ClCompile Include="$(OM_ROOT)/openm/libopenm/db/groupPcTable.cpp">
      <Filter>libopenm\db</Filter>
    </ClCompile>
    <ClCompile Include="$(OM_ROOT)/openm/libopenm/db/groupTxtTable.cpp">
      <Filter>libopenm\db</Filter>
    </ClCompile>
    <ClCompile Include="$(OM_ROOT)/openm/libopenm/db/langLstTable.cpp">
      <Filter>libopenm\db</Filter>
    </ClCompile>
    <ClCompile Include="$(OM_ROOT)/openm/libopenm/db/langWordTable.cpp">
      <Filter>libopenm\db</Filter>
    </ClCompile>
    <ClCompile Include="$(OM_ROOT)/openm/libopenm/db/modelDicTable.cpp">
      <Filter>libopenm\db</Filter>
    </ClCompile>
    <ClCompile Include="$(OM_ROOT)/openm/libopenm/db/modelDicTxtTable.cpp">
      <Filter>libopenm\db</Filter>
    </ClCompile>
    <ClCompile Include="$(OM_ROOT)/openm/libopenm/db/modelWordTable.cpp">
      <Filter>libopenm\db</Filter>
    </ClCompile>
    <ClCompile Include="$(OM_ROOT)/openm/libopenm/db/outputTableWriter.cpp">
      <Filter>libopenm\db</Filter>
    </ClCompile>
    <ClCompile Include="$(OM_ROOT)/openm/libopenm/db/paramDicTable.cpp">
      <Filter>libopenm\db</Filter>
    </ClCompile>
    <ClCompile Include="$(OM_ROOT)/openm/libopenm/db/paramDicTxtTable.cpp">
      <Filter>libopenm\db</Filter>
    </ClCompile>
    <ClCompile Include="$(OM_ROOT)/openm/libopenm/db/paramDimsTable.cpp">
      <Filter>libopenm\db</Filter>
    </ClCompile>
    <ClCompile Include="$(OM_ROOT)/openm/libopenm/db/parameterReader.cpp">
      <Filter>libopenm\db</Filter>
    </ClCompile>
    <ClCompile Include="$(OM_ROOT)/openm/libopenm/db/profileLstTable.cpp">
      <Filter>libopenm\db</Filter>
    </ClCompile>
    <ClCompile Include="$(OM_ROOT)/openm/libopenm/db/profileOptionTable.cpp">
      <Filter>libopenm\db</Filter>
    </ClCompile>
    <ClCompile Include="$(OM_ROOT)/openm/libopenm/db/runLstTable.cpp">
      <Filter>libopenm\db</Filter>
    </ClCompile>
    <ClCompile Include="$(OM_ROOT)/openm/libopenm/db/runOptionTable.cpp">
      <Filter>libopenm\db</Filter>
    </ClCompile>
    <ClCompile Include="$(OM_ROOT)/openm/libopenm/db/runTxtTable.cpp">
      <Filter>libopenm\db</Filter>
    </ClCompile>
    <ClCompile Include="$(OM_ROOT)/openm/libopenm/db/tableAccTable.cpp">
      <Filter>libopenm\db</Filter>
    </ClCompile>
    <ClCompile Include="$(OM_ROOT)/openm/libopenm/db/tableAccTxtTable.cpp">
      <Filter>libopenm\db</Filter>
    </ClCompile>
    <ClCompile Include="$(OM_ROOT)/openm/libopenm/db/tableDicTable.cpp">
      <Filter>libopenm\db</Filter>
    </ClCompile>
    <ClCompile Include="$(OM_ROOT)/openm/libopenm/db/tableDicTxtTable.cpp">
      <Filter>libopenm\db</Filter>
    </ClCompile>
    <ClCompile Include="$(OM_ROOT)/openm/libopenm/db/tableDimsTable.cpp">
      <Filter>libopenm\db</Filter>
    </ClCompile>
    <ClCompile Include="$(OM_ROOT)/openm/libopenm/db/tableDimsTxtTable.cpp">
      <Filter>libopenm\db</Filter>
    </ClCompile>
    <ClCompile Include="$(OM_ROOT)/openm/libopenm/db/tableExprTable.cpp">
      <Filter>libopenm\db</Filter>
    </ClCompile>
    <ClCompile Include="$(OM_ROOT)/openm/libopenm/db/tableExprTxtTable.cpp">
      <Filter>libopenm\db</Filter>
    </ClCompile>
    <ClCompile Include="$(OM_ROOT)/openm/libopenm/db/typeDicTable.cpp">
      <Filter>libopenm\db</Filter>
    </ClCompile>
    <ClCompile Include="$(OM_ROOT)/openm/libopenm/db/typeDicTxtTable.cpp">
      <Filter>libopenm\db</Filter>
    </ClCompile>
    <ClCompile Include="$(OM_ROOT)/openm/libopenm/db/typeEnumLstTable.cpp">
      <Filter>libopenm\db</Filter>
    </ClCompile>
    <ClCompile Include="$(OM_ROOT)/openm/libopenm/db/typeEnumTxtTable.cpp">
      <Filter>libopenm\db</Filter>
    </ClCompile>
    <ClCompile Include="$(OM_ROOT)/openm/libopenm/db/worksetLstTable.cpp">
      <Filter>libopenm\db</Filter>
    </ClCompile>
    <ClCompile Include="$(OM_ROOT)/openm/libopenm/db/worksetParamTable.cpp">
      <Filter>libopenm\db</Filter>
    </ClCompile>
    <ClCompile Include="$(OM_ROOT)/openm/libopenm/db/worksetParamTxtTable.cpp">
      <Filter>libopenm\db</Filter>
    </ClCompile>
    <ClCompile Include="$(OM_ROOT)/openm/libopenm/db/worksetTxtTable.cpp">
      <Filter>libopenm\db</Filter>
    </ClCompile>
    <ClCompile Include="$(OM_ROOT)/openm/libopenm/db/parameterWriter.cpp">
      <Filter>libopenm\db</Filter>
    </ClCompile>
    <ClCompile Include="$(OM_ROOT)/openm/libopenm/db/taskLstTable.cpp">
      <Filter>libopenm\db</Filter>
    </ClCompile>
    <ClCompile Include="$(OM_ROOT)/openm/libopenm/db/taskTxtTable.cpp">
      <Filter>libopenm\db</Filter>
    </ClCompile>
    <ClCompile Include="$(OM_ROOT)/openm/libopenm/db/paramDimsTxtTable.cpp">
      <Filter>libopenm\db</Filter>
    </ClCompile>
    <ClCompile Include="$(OM_ROOT)/openm/libopenm/db/taskSetTable.cpp">
      <Filter>libopenm\db</Filter>
    </ClCompile>
    <ClCompile Include="$(OM_ROOT)/openm/libopenm/db/taskRunSetTable.cpp">
      <Filter>libopenm\db</Filter>
    </ClCompile>
    <ClCompile Include="$(OM_ROOT)/openm/libopenm/db/taskRunLstTable.cpp">
      <Filter>libopenm\db</Filter>
    </ClCompile>
    <ClCompile Include="$(OM_ROOT)/openm/libopenm/db/dbExecProvider.cpp">
      <Filter>libopenm\db</Filter>
    </ClCompile>
    <ClCompile Include="$(OM_ROOT)/openm/libopenm/db/dbExec.cpp">
      <Filter>libopenm\db</Filter>
    </ClCompile>
    <ClCompile Include="$(OM_ROOT)/openm/libopenm/db/runParamTxtTable.cpp">
      <Filter>libopenm\db</Filter>
    </ClCompile>
    <ClCompile Include="$(OM_ROOT)/openm/libopenm/db/dbValue.cpp">
      <Filter>libopenm\db</Filter>
    </ClCompile>
    <ClCompile Include="$(OM_ROOT)/openm/libopenm/db/dbExecBase.cpp">
      <Filter>libopenm\db</Filter>
    </ClCompile>
    <ClCompile Include="$(OM_ROOT)/openm/libopenm/db/paramImportTable.cpp">
      <Filter>libopenm\db</Filter>
    </ClCompile>
    <ClCompile Include="$(OM_ROOT)/openm/libopenm/db/outputTableReader.cpp">
      <Filter>libopenm\db</Filter>
    </ClCompile>

    <ClCompile Include="$(OM_ROOT)/openm/libopenm/model/modelBase.cpp">
      <Filter>libopenm\model</Filter>
    </ClCompile>
    <ClCompile Include="$(OM_ROOT)/openm/libopenm/model/runController.cpp">
      <Filter>libopenm\model</Filter>
    </ClCompile>
    <ClCompile Include="$(OM_ROOT)/openm/libopenm/model/modelRunState.cpp">
      <Filter>libopenm\model</Filter>
    </ClCompile>
    <ClCompile Include="$(OM_ROOT)/openm/libopenm/model/childController.cpp">
      <Filter>libopenm\model</Filter>
    </ClCompile>
    <ClCompile Include="$(OM_ROOT)/openm/libopenm/model/restartController.cpp">
      <Filter>libopenm\model</Filter>
    </ClCompile>
    <ClCompile Include="$(OM_ROOT)/openm/libopenm/model/rootController.cpp">
      <Filter>libopenm\model</Filter>
    </ClCompile>
    <ClCompile Include="$(OM_ROOT)/openm/libopenm/model/singleController.cpp">
      <Filter>libopenm\model</Filter>
    </ClCompile>
    <ClCompile Include="$(OM_ROOT)/openm/libopenm/model/modelHelper.cpp">
      <Filter>libopenm\model</Filter>
    </ClCompile>
    <ClCompile Include="$(OM_ROOT)/openm/libopenm/model/runControllerNewRun.cpp">
      <Filter>libopenm\model</Filter>
    </ClCompile>
    <ClCompile Include="$(OM_ROOT)/openm/libopenm/model/metaHolder.cpp">
      <Filter>libopenm\model</Filter>
    </ClCompile>
    <ClCompile Include="$(OM_ROOT)/openm/libopenm/model/metaLoader.cpp">
      <Filter>libopenm\model</Filter>
    </ClCompile>
    <ClCompile Include="$(OM_ROOT)/openm/libopenm/model/runControllerParams.cpp">
      <Filter>libopenm\model</Filter>
    </ClCompile>
    
    <ClCompile Include="$(OM_ROOT)/openm/libopenm/msg/msgCommon.cpp">
      <Filter>libopenm\msg</Filter>
    </ClCompile>
    <ClCompile Include="$(OM_ROOT)/openm/libopenm/msg/msgExecBase.cpp">
      <Filter>libopenm\msg</Filter>
    </ClCompile>
    <ClCompile Include="$(OM_ROOT)/openm/libopenm/msg/msgMpiExec.cpp">
      <Filter>libopenm\msg</Filter>
    </ClCompile>
    <ClCompile Include="$(OM_ROOT)/openm/libopenm/msg/msgMpiPacked.cpp">
      <Filter>libopenm\msg</Filter>
    </ClCompile>
    <ClCompile Include="$(OM_ROOT)/openm/libopenm/msg/msgMpiRecv.cpp">
      <Filter>libopenm\msg</Filter>
    </ClCompile>
    <ClCompile Include="$(OM_ROOT)/openm/libopenm/msg/msgMpiSend.cpp">
      <Filter>libopenm\msg</Filter>
    </ClCompile>
    <ClCompile Include="$(OM_ROOT)/openm/libopenm/msg/msgMpiMetaPacked.cpp">
      <Filter>libopenm\msg</Filter>
    </ClCompile>

  </ItemGroup>

</Project>