<?xml version="1.0" encoding="utf-8"?>
<Project ToolsVersion="4.0" xmlns="http://schemas.microsoft.com/developer/msbuild/2003">
  <ItemGroup>
    <Filter Include="C++ Files">
      <UniqueIdentifier>{eb1ba18c-5924-4c9d-8cc2-57895d816189}</UniqueIdentifier>
      <Extensions>cpp;h;ico;inf;rc</Extensions>
    </Filter>
    <Filter Include="Modules %28mpp%29">
      <UniqueIdentifier>{7746be45-a944-4122-9da7-416236bcce42}</UniqueIdentifier>
      <Extensions>mpp</Extensions>
    </Filter>
    <Filter Include="Scenarios">
      <UniqueIdentifier>{3c80a0c5-b170-43ed-a12f-26f788b1bfb7}</UniqueIdentifier>
      <Extensions>sce;dat</Extensions>
    </Filter>
  </ItemGroup>
  <ItemGroup>
    <None Include="app.ico">
      <Filter>C++ Files</Filter>
    </None>
    <None Include="parse.inf">
      <Filter>C++ Files</Filter>
    </None>
    <None Include="Base.scex" />
    <None Include="..\ModelStrings.mpp">
      <Filter>Modules %28mpp%29</Filter>
    </None>
    <None Include="..\modgen_framework.mpp">
      <Filter>Modules %28mpp%29</Filter>
    </None>
    <None Include="..\PersonCore.mpp">
      <Filter>Modules %28mpp%29</Filter>
    </None>
    <None Include="..\TickerCore.mpp">
      <Filter>Modules %28mpp%29</Filter>
    </None>
    <None Include="..\WizardTimeBased.mpp">
      <Filter>Modules %28mpp%29</Filter>
    </None>
    <None Include="..\Base\Base(PersonCore).dat">
      <Filter>Scenarios</Filter>
    </None>
  </ItemGroup>
  <ItemGroup>
    <ClCompile Include="WizardTimeBased.cpp">
      <Filter>C++ Files</Filter>
    </ClCompile>
    <ClCompile Include="PersonCore.cpp">
      <Filter>C++ Files</Filter>
    </ClCompile>
    <ClCompile Include="TickerCore.cpp">
      <Filter>C++ Files</Filter>
    </ClCompile>
    <ClCompile Include="ModelStrings.cpp">
      <Filter>C++ Files</Filter>
    </ClCompile>
    <ClCompile Include="Actors.cpp">
      <Filter>C++ Files</Filter>
    </ClCompile>
    <ClCompile Include="Tabinit.cpp">
      <Filter>C++ Files</Filter>
    </ClCompile>
    <ClCompile Include="modgen_framework.CPP">
      <Filter>C++ Files</Filter>
    </ClCompile>
  </ItemGroup>
  <ItemGroup>
    <ClInclude Include="Actors.h">
      <Filter>C++ Files</Filter>
    </ClInclude>
    <ClInclude Include="Tabinit.h">
      <Filter>C++ Files</Filter>
    </ClInclude>
    <ClInclude Include="model.h">
      <Filter>C++ Files</Filter>
    </ClInclude>
  </ItemGroup>
  <ItemGroup>
    <ResourceCompile Include="model.rc">
      <Filter>C++ Files</Filter>
    </ResourceCompile>
  </ItemGroup>
</Project>