<?xml version="1.0" encoding="utf-8"?>
<Project ToolsVersion="4.0" xmlns="http://schemas.microsoft.com/developer/msbuild/2003">
  <ItemGroup>
    <Filter Include="C++ Files">
      <UniqueIdentifier>{0e7866a6-65b3-41a1-b201-3b7d043e1098}</UniqueIdentifier>
      <Extensions>cpp;h;ico;inf;rc</Extensions>
    </Filter>
    <Filter Include="Model Source Files">
      <UniqueIdentifier>{8cccebfa-faca-4919-98d0-0f6783a23205}</UniqueIdentifier>
      <Extensions>mpp;ompp</Extensions>
    </Filter>
    <Filter Include="Parameter Files">
      <UniqueIdentifier>{734f218c-d7be-4271-b862-5f51628fca8d}</UniqueIdentifier>
      <Extensions>dat;odat</Extensions>
    </Filter>
  </ItemGroup>
  <ItemGroup>
    <ClCompile Include="src/om_definitions.cpp">
      <Filter>C++ Files</Filter>
    </ClCompile>
    <ClCompile Include="src/om_developer.cpp">
      <Filter>C++ Files</Filter>
    </ClCompile>
    <ClCompile Include="src/om_fixed_parms.cpp">
      <Filter>C++ Files</Filter>
    </ClCompile>
    <ClCompile Include="$(CUSTOM_CPP)" />
  </ItemGroup>
  <ItemGroup>
    <ClInclude Include="src/om_types0.h">
      <Filter>C++ Files</Filter>
    </ClInclude>
    <ClInclude Include="src/om_types1.h">
      <Filter>C++ Files</Filter>
    </ClInclude>
    <ClInclude Include="src/om_declarations.h">
      <Filter>C++ Files</Filter>
    </ClInclude>
    <ClInclude Include="../code/case_based.h">
      <Filter>C++ Files</Filter>
    </ClInclude>
    <ClInclude Include="../code/custom.h" />
    <ClInclude Include="../code/custom_early.h" />
    <ClInclude Include="../code/case_based.h">
      <Filter>C++ Files</Filter>
    </ClInclude>
    <ClInclude Include="../code/custom.h" />
    <ClInclude Include="../code/custom_early.h" />
    <ClInclude Include="../code/case_based.h">
      <Filter>C++ Files</Filter>
    </ClInclude>
    <ClInclude Include="../code/custom.h" />
    <ClInclude Include="../code/custom_early.h" />
  </ItemGroup>
  <ItemGroup>
    <None Include="../code/language_FR.mpp">
      <Filter>Model Source Files</Filter>
    </None>
    <None Include="../code/model.mpp" />
    <None Include="../code/modgen_case_based.mpp" />
    <None Include="../code/modgen_entities.mpp" />
    <None Include="../code/PersonCore.mpp" />
    <None Include="../code/TypeTests.mpp" />
    <None Include="../code/language_FR.mpp">
      <Filter>Model Source Files</Filter>
    </None>
    <None Include="../code/model.mpp" />
    <None Include="../code/modgen_case_based.mpp" />
    <None Include="../code/modgen_entities.mpp" />
    <None Include="../code/PersonCore.mpp" />
    <None Include="../code/TypeTests.mpp" />
    <None Include="../code/language_FR.mpp">
      <Filter>Model Source Files</Filter>
    </None>
    <None Include="../code/model.mpp" />
    <None Include="../code/modgen_case_based.mpp" />
    <None Include="../code/modgen_entities.mpp" />
    <None Include="../code/PersonCore.mpp" />
    <None Include="../code/TypeTests.mpp" />
    <None Include="../code/language_FR.mpp">
      <Filter>Model Source Files</Filter>
    </None>
    <None Include="../code/model.mpp" />
    <None Include="../code/modgen_case_based.mpp" />
    <None Include="../code/modgen_entities.mpp" />
    <None Include="../code/PersonCore.mpp" />
    <None Include="../code/TypeTests.mpp" />
    <None Include="../code/language_FR.mpp">
      <Filter>Model Source Files</Filter>
    </None>
    <None Include="../code/model.mpp" />
    <None Include="../code/modgen_case_based.mpp" />
    <None Include="../code/modgen_entities.mpp" />
    <None Include="../code/PersonCore.mpp" />
    <None Include="../code/TypeTests.mpp" />
    <None Include="../code/language_FR.mpp">
      <Filter>Model Source Files</Filter>
    </None>
    <None Include="../code/model.mpp" />
    <None Include="../code/modgen_case_based.mpp" />
    <None Include="../code/modgen_entities.mpp" />
    <None Include="../code/PersonCore.mpp" />
    <None Include="../code/TypeTests.mpp" />
    <None Include="../code/*.ompp">
      <Filter>Model Source Files</Filter>
    </None>
    <None Include="../parameters/Base/*.dat">
      <Filter>Parameter Files</Filter>
    </None>
    <None Include="../parameters/Base/*.odat">
      <Filter>Parameter Files</Filter>
    </None>
  </ItemGroup>
</Project>