<?xml version="1.0" encoding="utf-8"?>
<Project ToolsVersion="4.0" xmlns="http://schemas.microsoft.com/developer/msbuild/2003">
  <ItemGroup>
    <Filter Include="C++ Files">
      <UniqueIdentifier>{0e7866a6-65b3-41a1-b201-3b7d043e1098}</UniqueIdentifier>
      <Extensions>cpp;h;ico;inf;rc</Extensions>
    </Filter>
    <Filter Include="Model Source Files">
      <UniqueIdentifier>{8cccebfa-faca-4919-98d0-0f6783a23205}</UniqueIdentifier>
      <Extensions>mpp;ompp</Extensions>
    </Filter>
    <Filter Include="Scenarios">
      <UniqueIdentifier>{082983d8-b8b7-4726-87c5-4b43c5700182}</UniqueIdentifier>
      <Extensions>scex;dat</Extensions>
    </Filter>
  </ItemGroup>
  <ItemGroup>
    <ClCompile Include="@(OMC_CXX_MODULE_OUTPUTS)" />
    <ClCompile Include="@(OMC_CXX_MODULE_OUTPUTS)" />
    <ClCompile Include="@(OMC_CXX_MODULE_OUTPUTS)" />
    <ClCompile Include="@(OMC_CXX_MODULE_OUTPUTS)" />
    <ClCompile Include="@(OMC_CXX_MODULE_OUTPUTS)" />
    <ClCompile Include="@(OMC_CXX_MODULE_OUTPUTS)" />
  </ItemGroup>
  <ItemGroup>
    <ClInclude Include="@(OMC_CXX_HEADER_OUTPUTS)" />
    <ClInclude Include="@(OMC_CXX_HEADER_OUTPUTS)" />
    <ClInclude Include="@(OMC_CXX_HEADER_OUTPUTS)" />
    <ClInclude Include="@(OMC_CXX_HEADER_OUTPUTS)" />
    <ClInclude Include="@(OMC_CXX_HEADER_OUTPUTS)" />
    <ClInclude Include="@(OMC_CXX_HEADER_OUTPUTS)" />
  </ItemGroup>
  <ItemGroup>
    <None Include="Alpha2.mpp">
      <Filter>Model Source Files</Filter>
    </None>
    <None Include="Happiness.mpp" />
    <None Include="PersonCore.mpp" />
    <None Include="SyntaxProbes.mpp" />
    <None Include="TestLinks.mpp" />
    <None Include="Alpha2.mpp">
      <Filter>Model Source Files</Filter>
    </None>
    <None Include="Happiness.mpp" />
    <None Include="PersonCore.mpp" />
    <None Include="SyntaxProbes.mpp" />
    <None Include="TestLinks.mpp" />
    <None Include="Alpha2.mpp">
      <Filter>Model Source Files</Filter>
    </None>
    <None Include="Happiness.mpp" />
    <None Include="PersonCore.mpp" />
    <None Include="SyntaxProbes.mpp" />
    <None Include="TestLinks.mpp" />
    <None Include="Alpha2.mpp">
      <Filter>Model Source Files</Filter>
    </None>
    <None Include="Happiness.mpp" />
    <None Include="PersonCore.mpp" />
    <None Include="SyntaxProbes.mpp" />
    <None Include="TestLinks.mpp" />
    <None Include="Extensions.ompp">
      <Filter>Model Source Files</Filter>
    </None>
    <None Include="Framework.ompp" />
    <None Include="PersonCore.mpp">
      <Filter>Model Source Files</Filter>
    </None>
    <None Include="WizardCaseBased.mpp" />
    <None Include="WizardCaseBasedFR.mpp" />
    <None Include="PersonCore.mpp">
      <Filter>Model Source Files</Filter>
    </None>
    <None Include="WizardCaseBased.mpp" />
    <None Include="WizardCaseBasedFR.mpp" />
    <None Include="PersonCore.mpp">
      <Filter>Model Source Files</Filter>
    </None>
    <None Include="WizardCaseBased.mpp" />
    <None Include="WizardCaseBasedFR.mpp" />
    <None Include="*.ompp">
      <Filter>Model Source Files</Filter>
    </None>
  </ItemGroup>
</Project>